<?xml version="1.0" encoding="utf-8"?>
<Project ToolsVersion="4.0" xmlns="http://schemas.microsoft.com/developer/msbuild/2003">
  <ItemGroup>
    <Filter Include="Source Files">
      <UniqueIdentifier>{14B2AA55-9A62-46B8-A149-46CACCD5DA1C}</UniqueIdentifier>
      <Extensions>cpp;c;cxx</Extensions>
    </Filter>
    <Filter Include="Resource Files">
      <UniqueIdentifier>{0A845A7F-6CD5-46C0-B218-D379419C810F}</UniqueIdentifier>
      <Extensions>bin</Extensions>
    </Filter>
    <Filter Include="Header Files">
      <UniqueIdentifier>{6F8B88DB-8890-41CF-A232-0209E1A08E45}</UniqueIdentifier>
      <Extensions>h;hpp</Extensions>
    </Filter>
  </ItemGroup>
  <ItemGroup>
    <ClCompile Include="..\eve_flash.cpp">
      <Filter>Source Files</Filter>
    </ClCompile>
    <ClCompile Include="..\main.cpp">
      <Filter>Source Files</Filter>
    </ClCompile>
  </ItemGroup>
  <ItemGroup>
    <ClInclude Include="..\eve_flash.h">
      <Filter>Header Files</Filter>
    </ClInclude>
  </ItemGroup>
  <ItemGroup>
    <None Include="..\flash-817-default.bin">
      <Filter>Resource Files</Filter>
    </None>
  </ItemGroup>
</Project>
