<?xml version="1.0" encoding="utf-8"?>
<Project ToolsVersion="4.0" xmlns="http://schemas.microsoft.com/developer/msbuild/2003">
  <ItemGroup>
    <Filter Include="Source Files">
      <UniqueIdentifier>{96EC32C5-C85A-45E9-8B4B-DDBA820DCB65}</UniqueIdentifier>
      <Extensions>cpp;c;cxx</Extensions>
    </Filter>
    <Filter Include="Header Files">
      <UniqueIdentifier>{72DA8E57-8127-432E-8366-32B574B53496}</UniqueIdentifier>
      <Extensions>h;hpp</Extensions>
    </Filter>
    <Filter Include="SD Card Files">
      <UniqueIdentifier>{DEB6D394-F388-48A4-945B-6AD8400F2535}</UniqueIdentifier>
      <Extensions>reloc</Extensions>
    </Filter>
  </ItemGroup>
  <ItemGroup>
    <ClCompile Include="..\eve_sdcard.cpp">
      <Filter>Source Files</Filter>
    </ClCompile>
    <ClCompile Include="..\main.cpp">
      <Filter>Source Files</Filter>
    </ClCompile>
  </ItemGroup>
  <ItemGroup>
    <ClInclude Include="..\eve_sdcard.h">
      <Filter>Header Files</Filter>
    </ClInclude>
  </ItemGroup>
  <ItemGroup>
    <None Include="..\sd\bicycle.anim.reloc">
      <Filter>SD Card Files</Filter>
    </None>
  </ItemGroup>
</Project>
